<?xml version="1.0" encoding="utf-8"?>
<Project ToolsVersion="4.0" xmlns="http://schemas.microsoft.com/developer/msbuild/2003">
  <ItemGroup>
    <Filter Include="utility">
      <UniqueIdentifier>{0664ffd6-b268-4c9b-8387-8d1ad4310bb6}</UniqueIdentifier>
    </Filter>
    <Filter Include="test">
      <UniqueIdentifier>{d9acbdd6-3bda-4037-9ebe-9aa2b162b476}</UniqueIdentifier>
    </Filter>
  </ItemGroup>
  <ItemGroup>
    <ClInclude Include="..\..\lib_prj\utility\misc.h">
      <Filter>utility</Filter>
    </ClInclude>
    <ClInclude Include="..\..\lib_prj\utility\stlBoost.h">
      <Filter>utility</Filter>
    </ClInclude>
    <ClInclude Include="..\..\lib_prj\utility\typedef.h">
      <Filter>utility</Filter>
    </ClInclude>
    <ClInclude Include="..\..\lib_prj\utility\config.h">
      <Filter>utility</Filter>
    </ClInclude>
    <ClInclude Include="..\..\lib_prj\utility\linux_simulate_def.h">
      <Filter>utility</Filter>
    </ClInclude>
    <ClInclude Include="..\..\lib_prj\utility\logFile.h">
      <Filter>utility</Filter>
    </ClInclude>
    <ClInclude Include="..\..\lib_prj\lev_mgr.h" />
    <ClInclude Include="..\..\lib_prj\connector.h" />
    <ClInclude Include="..\..\lib_prj\timer_mgr.h" />
    <ClInclude Include="..\..\lib_prj\utility\BacktraceInfo.hpp">
      <Filter>utility</Filter>
    </ClInclude>
    <ClInclude Include="..\..\lib_prj\listener.h" />
    <ClInclude Include="..\..\lib_prj\include_all.h" />
    <ClInclude Include="..\..\lib_prj\http.h" />
    <ClInclude Include="..\..\lib_prj\utility\single_progress.hpp">
      <Filter>utility</Filter>
    </ClInclude>
    <ClInclude Include="..\..\lib_prj\etcd_client.h" />
  </ItemGroup>
  <ItemGroup>
    <ClCompile Include="..\..\lib_prj\utility\logFile.cpp">
      <Filter>utility</Filter>
    </ClCompile>
    <ClCompile Include="..\..\lib_prj\lev_mgr.cc" />
    <ClCompile Include="..\..\lib_prj\connector.cc" />
    <ClCompile Include="..\..\lib_prj\timer_mgr.cc" />
    <ClCompile Include="..\..\lib_prj\utility\BacktraceInfo.cpp">
      <Filter>utility</Filter>
    </ClCompile>
    <ClCompile Include="..\..\lib_prj\test\test_client.cc">
      <Filter>test</Filter>
    </ClCompile>
    <ClCompile Include="..\..\lib_prj\test\test_server.cc">
      <Filter>test</Filter>
    </ClCompile>
    <ClCompile Include="..\..\lib_prj\listener.cc" />
    <ClCompile Include="..\..\lib_prj\test\test_httpsvr.cc">
      <Filter>test</Filter>
    </ClCompile>
    <ClCompile Include="..\..\lib_prj\http.cc" />
    <ClCompile Include="..\..\lib_prj\test\test_httpclient.cc">
      <Filter>test</Filter>
    </ClCompile>
    <ClCompile Include="..\..\lib_prj\utility\single_progress.cpp">
      <Filter>utility</Filter>
    </ClCompile>
    <ClCompile Include="..\..\lib_prj\etcd_client.cc" />
  </ItemGroup>
</Project>