
Microsoft Visual Studio Solution File, Format Version 12.00
# Visual Studio 2013
VisualStudioVersion = 12.0.21005.1
MinimumVisualStudioVersion = 10.0.40219.1
Project("{8BC9CEB8-8B4A-11D0-8D11-00A0C91BC942}") = "server", "server\server.vcxproj", "{0AA6D383-8609-4E04-AA04-06D50A80B2B9}"
EndProject
Project("{8BC9CEB8-8B4A-11D0-8D11-00A0C91BC942}") = "client", "client\client.vcxproj", "{4F5BF884-CF1B-432D-A381-D3234BA0A416}"
EndProject
Project("{8BC9CEB8-8B4A-11D0-8D11-00A0C91BC942}") = "lib", "lib\lib.vcxproj", "{B52F48AD-C6DC-4D50-89CC-EB811A40CB8D}"
EndProject
Project("{2150E333-8FDC-42A3-9474-1A3956D46DE8}") = "include", "include", "{89621D0D-863F-4564-9E0F-E5ABD3417539}"
EndProject
Project("{2150E333-8FDC-42A3-9474-1A3956D46DE8}") = "event2", "event2", "{5E696FA1-9761-4A54-979D-00E52E532A90}"
	ProjectSection(SolutionItems) = preProject
		..\external\include\event2\buffer.h = ..\external\include\event2\buffer.h
		..\external\include\event2\buffer_compat.h = ..\external\include\event2\buffer_compat.h
		..\external\include\event2\bufferevent.h = ..\external\include\event2\bufferevent.h
		..\external\include\event2\bufferevent_compat.h = ..\external\include\event2\bufferevent_compat.h
		..\external\include\event2\bufferevent_ssl.h = ..\external\include\event2\bufferevent_ssl.h
		..\external\include\event2\bufferevent_struct.h = ..\external\include\event2\bufferevent_struct.h
		..\external\include\event2\dns.h = ..\external\include\event2\dns.h
		..\external\include\event2\dns_compat.h = ..\external\include\event2\dns_compat.h
		..\external\include\event2\dns_struct.h = ..\external\include\event2\dns_struct.h
		..\external\include\event2\event-config.h = ..\external\include\event2\event-config.h
		..\external\include\event2\event.h = ..\external\include\event2\event.h
		..\external\include\event2\event_compat.h = ..\external\include\event2\event_compat.h
		..\external\include\event2\event_struct.h = ..\external\include\event2\event_struct.h
		..\external\include\event2\http.h = ..\external\include\event2\http.h
		..\external\include\event2\http_compat.h = ..\external\include\event2\http_compat.h
		..\external\include\event2\http_struct.h = ..\external\include\event2\http_struct.h
		..\external\include\event2\keyvalq_struct.h = ..\external\include\event2\keyvalq_struct.h
		..\external\include\event2\listener.h = ..\external\include\event2\listener.h
		..\external\include\event2\rpc.h = ..\external\include\event2\rpc.h
		..\external\include\event2\rpc_compat.h = ..\external\include\event2\rpc_compat.h
		..\external\include\event2\rpc_struct.h = ..\external\include\event2\rpc_struct.h
		..\external\include\event2\tag.h = ..\external\include\event2\tag.h
		..\external\include\event2\tag_compat.h = ..\external\include\event2\tag_compat.h
		..\external\include\event2\thread.h = ..\external\include\event2\thread.h
		..\external\include\event2\util.h = ..\external\include\event2\util.h
	EndProjectSection
EndProject
Project("{8BC9CEB8-8B4A-11D0-8D11-00A0C91BC942}") = "bus_mgr_lib", "bus_mgr_lib\bus_mgr_lib.vcxproj", "{07931FE7-D007-4A93-8D62-A0118C1EB395}"
EndProject
Project("{8BC9CEB8-8B4A-11D0-8D11-00A0C91BC942}") = "test_bus_mgr_prj", "test_bus_mgr_prj\test_bus_mgr_prj.vcxproj", "{1702E0F7-3A37-4148-AED1-7E9C67321CAA}"
EndProject
Global
	GlobalSection(SolutionConfigurationPlatforms) = preSolution
		Debug|Win32 = Debug|Win32
		Release|Win32 = Release|Win32
	EndGlobalSection
	GlobalSection(ProjectConfigurationPlatforms) = postSolution
		{0AA6D383-8609-4E04-AA04-06D50A80B2B9}.Debug|Win32.ActiveCfg = Debug|Win32
		{0AA6D383-8609-4E04-AA04-06D50A80B2B9}.Debug|Win32.Build.0 = Debug|Win32
		{0AA6D383-8609-4E04-AA04-06D50A80B2B9}.Release|Win32.ActiveCfg = Release|Win32
		{0AA6D383-8609-4E04-AA04-06D50A80B2B9}.Release|Win32.Build.0 = Release|Win32
		{4F5BF884-CF1B-432D-A381-D3234BA0A416}.Debug|Win32.ActiveCfg = Debug|Win32
		{4F5BF884-CF1B-432D-A381-D3234BA0A416}.Debug|Win32.Build.0 = Debug|Win32
		{4F5BF884-CF1B-432D-A381-D3234BA0A416}.Release|Win32.ActiveCfg = Release|Win32
		{4F5BF884-CF1B-432D-A381-D3234BA0A416}.Release|Win32.Build.0 = Release|Win32
		{B52F48AD-C6DC-4D50-89CC-EB811A40CB8D}.Debug|Win32.ActiveCfg = Debug|Win32
		{B52F48AD-C6DC-4D50-89CC-EB811A40CB8D}.Debug|Win32.Build.0 = Debug|Win32
		{B52F48AD-C6DC-4D50-89CC-EB811A40CB8D}.Release|Win32.ActiveCfg = Release|Win32
		{B52F48AD-C6DC-4D50-89CC-EB811A40CB8D}.Release|Win32.Build.0 = Release|Win32
		{07931FE7-D007-4A93-8D62-A0118C1EB395}.Debug|Win32.ActiveCfg = Debug|Win32
		{07931FE7-D007-4A93-8D62-A0118C1EB395}.Debug|Win32.Build.0 = Debug|Win32
		{07931FE7-D007-4A93-8D62-A0118C1EB395}.Release|Win32.ActiveCfg = Release|Win32
		{07931FE7-D007-4A93-8D62-A0118C1EB395}.Release|Win32.Build.0 = Release|Win32
		{1702E0F7-3A37-4148-AED1-7E9C67321CAA}.Debug|Win32.ActiveCfg = Debug|Win32
		{1702E0F7-3A37-4148-AED1-7E9C67321CAA}.Debug|Win32.Build.0 = Debug|Win32
		{1702E0F7-3A37-4148-AED1-7E9C67321CAA}.Release|Win32.ActiveCfg = Release|Win32
		{1702E0F7-3A37-4148-AED1-7E9C67321CAA}.Release|Win32.Build.0 = Release|Win32
	EndGlobalSection
	GlobalSection(SolutionProperties) = preSolution
		HideSolutionNode = FALSE
	EndGlobalSection
	GlobalSection(NestedProjects) = preSolution
		{5E696FA1-9761-4A54-979D-00E52E532A90} = {89621D0D-863F-4564-9E0F-E5ABD3417539}
	EndGlobalSection
EndGlobal
